
Microsoft Visual Studio Solution File, Format Version 12.00
# Visual Studio Version 16
VisualStudioVersion = 16.0.30907.101
MinimumVisualStudioVersion = 10.0.40219.1
Project("{FAE04EC0-301F-11D3-BF4B-00C04F79EFBC}") = "WebDuLich", "WebDuLich\WebDuLich.csproj", "{425B3E57-6A4C-41B8-A890-1F80C99C9B96}"
EndProject
Global
	GlobalSection(SolutionConfigurationPlatforms) = preSolution
		Debug|Any CPU = Debug|Any CPU
		Release|Any CPU = Release|Any CPU
	EndGlobalSection
	GlobalSection(ProjectConfigurationPlatforms) = postSolution
		{425B3E57-6A4C-41B8-A890-1F80C99C9B96}.Debug|Any CPU.ActiveCfg = Debug|Any CPU
		{425B3E57-6A4C-41B8-A890-1F80C99C9B96}.Debug|Any CPU.Build.0 = Debug|Any CPU
		{425B3E57-6A4C-41B8-A890-1F80C99C9B96}.Release|Any CPU.ActiveCfg = Release|Any CPU
		{425B3E57-6A4C-41B8-A890-1F80C99C9B96}.Release|Any CPU.Build.0 = Release|Any CPU
	EndGlobalSection
	GlobalSection(SolutionProperties) = preSolution
		HideSolutionNode = FALSE
	EndGlobalSection
	GlobalSection(ExtensibilityGlobals) = postSolution
		SolutionGuid = {AF25340D-CB2A-4690-8DA1-B9E102F4B7AC}
	EndGlobalSection
EndGlobal
